// !$*UTF8*$!
{
	archiveVersion = 1;
	classes = {
	};
	objectVersion = 56;
	objects = {

/* Begin PBXBuildFile section */
		A0D90A982BD7E99200AEE326 /* RichesseApp.swift in Sources */ = {isa = PBXBuildFile; fileRef = A0D90A972BD7E99200AEE326 /* RichesseApp.swift */; };
		A0D90A9A2BD7E99200AEE326 /* AppFeature.swift in Sources */ = {isa = PBXBuildFile; fileRef = A0D90A992BD7E99200AEE326 /* AppFeature.swift */; };
		A0D90A9C2BD7E99400AEE326 /* Assets.xcassets in Resources */ = {isa = PBXBuildFile; fileRef = A0D90A9B2BD7E99400AEE326 /* Assets.xcassets */; };
		A0D90A9F2BD7E99400AEE326 /* Preview Assets.xcassets in Resources */ = {isa = PBXBuildFile; fileRef = A0D90A9E2BD7E99400AEE326 /* Preview Assets.xcassets */; };
		A0D90AA82BD7EA0600AEE326 /* ComposableArchitecture in Frameworks */ = {isa = PBXBuildFile; productRef = A0D90AA72BD7EA0600AEE326 /* ComposableArchitecture */; };
		A0D90AAA2BD7EA1300AEE326 /* EndeavorsFeature.swift in Sources */ = {isa = PBXBuildFile; fileRef = A0D90AA92BD7EA1300AEE326 /* EndeavorsFeature.swift */; };
/* End PBXBuildFile section */

/* Begin PBXFileReference section */
		A0D90A942BD7E99200AEE326 /* Richesse.app */ = {isa = PBXFileReference; explicitFileType = wrapper.application; includeInIndex = 0; path = Richesse.app; sourceTree = BUILT_PRODUCTS_DIR; };
		A0D90A972BD7E99200AEE326 /* RichesseApp.swift */ = {isa = PBXFileReference; lastKnownFileType = sourcecode.swift; path = RichesseApp.swift; sourceTree = "<group>"; };
		A0D90A992BD7E99200AEE326 /* AppFeature.swift */ = {isa = PBXFileReference; lastKnownFileType = sourcecode.swift; path = AppFeature.swift; sourceTree = "<group>"; };
		A0D90A9B2BD7E99400AEE326 /* Assets.xcassets */ = {isa = PBXFileReference; lastKnownFileType = folder.assetcatalog; path = Assets.xcassets; sourceTree = "<group>"; };
		A0D90A9E2BD7E99400AEE326 /* Preview Assets.xcassets */ = {isa = PBXFileReference; lastKnownFileType = folder.assetcatalog; path = "Preview Assets.xcassets"; sourceTree = "<group>"; };
		A0D90AA02BD7E99400AEE326 /* Richesse.entitlements */ = {isa = PBXFileReference; lastKnownFileType = text.plist.entitlements; path = Richesse.entitlements; sourceTree = "<group>"; };
		A0D90AA92BD7EA1300AEE326 /* EndeavorsFeature.swift */ = {isa = PBXFileReference; lastKnownFileType = sourcecode.swift; path = EndeavorsFeature.swift; sourceTree = "<group>"; };
/* End PBXFileReference section */

/* Begin PBXFrameworksBuildPhase section */
		A0D90A912BD7E99200AEE326 /* Frameworks */ = {
			isa = PBXFrameworksBuildPhase;
			buildActionMask = 2147483647;
			files = (
				A0D90AA82BD7EA0600AEE326 /* ComposableArchitecture in Frameworks */,
			);
			runOnlyForDeploymentPostprocessing = 0;
		};
/* End PBXFrameworksBuildPhase section */

/* Begin PBXGroup section */
		A0D90A8B2BD7E99200AEE326 = {
			isa = PBXGroup;
			children = (
				A0D90A962BD7E99200AEE326 /* Richesse */,
				A0D90A952BD7E99200AEE326 /* Products */,
			);
			sourceTree = "<group>";
		};
		A0D90A952BD7E99200AEE326 /* Products */ = {
			isa = PBXGroup;
			children = (
				A0D90A942BD7E99200AEE326 /* Richesse.app */,
			);
			name = Products;
			sourceTree = "<group>";
		};
		A0D90A962BD7E99200AEE326 /* Richesse */ = {
			isa = PBXGroup;
			children = (
				A0D90A972BD7E99200AEE326 /* RichesseApp.swift */,
				A0D90A992BD7E99200AEE326 /* AppFeature.swift */,
				A0D90A9B2BD7E99400AEE326 /* Assets.xcassets */,
				A0D90AA02BD7E99400AEE326 /* Richesse.entitlements */,
				A0D90A9D2BD7E99400AEE326 /* Preview Content */,
				A0D90AA92BD7EA1300AEE326 /* EndeavorsFeature.swift */,
			);
			path = Richesse;
			sourceTree = "<group>";
		};
		A0D90A9D2BD7E99400AEE326 /* Preview Content */ = {
			isa = PBXGroup;
			children = (
				A0D90A9E2BD7E99400AEE326 /* Preview Assets.xcassets */,
			);
			path = "Preview Content";
			sourceTree = "<group>";
		};
/* End PBXGroup section */

/* Begin PBXNativeTarget section */
		A0D90A932BD7E99200AEE326 /* Richesse */ = {
			isa = PBXNativeTarget;
			buildConfigurationList = A0D90AA32BD7E99400AEE326 /* Build configuration list for PBXNativeTarget "Richesse" */;
			buildPhases = (
				A0D90A902BD7E99200AEE326 /* Sources */,
				A0D90A912BD7E99200AEE326 /* Frameworks */,
				A0D90A922BD7E99200AEE326 /* Resources */,
			);
			buildRules = (
			);
			dependencies = (
			);
			name = Richesse;
			packageProductDependencies = (
				A0D90AA72BD7EA0600AEE326 /* ComposableArchitecture */,
			);
			productName = Richesse;
			productReference = A0D90A942BD7E99200AEE326 /* Richesse.app */;
			productType = "com.apple.product-type.application";
		};
/* End PBXNativeTarget section */

/* Begin PBXProject section */
		A0D90A8C2BD7E99200AEE326 /* Project object */ = {
			isa = PBXProject;
			attributes = {
				BuildIndependentTargetsInParallel = 1;
				LastSwiftUpdateCheck = 1530;
				LastUpgradeCheck = 1530;
				TargetAttributes = {
					A0D90A932BD7E99200AEE326 = {
						CreatedOnToolsVersion = 15.3;
					};
				};
			};
			buildConfigurationList = A0D90A8F2BD7E99200AEE326 /* Build configuration list for PBXProject "Richesse" */;
			compatibilityVersion = "Xcode 14.0";
			developmentRegion = en;
			hasScannedForEncodings = 0;
			knownRegions = (
				en,
				Base,
			);
			mainGroup = A0D90A8B2BD7E99200AEE326;
			packageReferences = (
				A0D90AA62BD7EA0600AEE326 /* XCRemoteSwiftPackageReference "swift-composable-architecture" */,
			);
			productRefGroup = A0D90A952BD7E99200AEE326 /* Products */;
			projectDirPath = "";
			projectRoot = "";
			targets = (
				A0D90A932BD7E99200AEE326 /* Richesse */,
			);
		};
/* End PBXProject section */

/* Begin PBXResourcesBuildPhase section */
		A0D90A922BD7E99200AEE326 /* Resources */ = {
			isa = PBXResourcesBuildPhase;
			buildActionMask = 2147483647;
			files = (
				A0D90A9F2BD7E99400AEE326 /* Preview Assets.xcassets in Resources */,
				A0D90A9C2BD7E99400AEE326 /* Assets.xcassets in Resources */,
			);
			runOnlyForDeploymentPostprocessing = 0;
		};
/* End PBXResourcesBuildPhase section */

/* Begin PBXSourcesBuildPhase section */
		A0D90A902BD7E99200AEE326 /* Sources */ = {
			isa = PBXSourcesBuildPhase;
			buildActionMask = 2147483647;
			files = (
				A0D90A9A2BD7E99200AEE326 /* AppFeature.swift in Sources */,
				A0D90A982BD7E99200AEE326 /* RichesseApp.swift in Sources */,
				A0D90AAA2BD7EA1300AEE326 /* EndeavorsFeature.swift in Sources */,
			);
			runOnlyForDeploymentPostprocessing = 0;
		};
/* End PBXSourcesBuildPhase section */

/* Begin XCBuildConfiguration section */
		A0D90AA12BD7E99400AEE326 /* Debug */ = {
			isa = XCBuildConfiguration;
			buildSettings = {
				ALWAYS_SEARCH_USER_PATHS = NO;
				ASSETCATALOG_COMPILER_GENERATE_SWIFT_ASSET_SYMBOL_EXTENSIONS = YES;
				CLANG_ANALYZER_NONNULL = YES;
				CLANG_ANALYZER_NUMBER_OBJECT_CONVERSION = YES_AGGRESSIVE;
				CLANG_CXX_LANGUAGE_STANDARD = "gnu++20";
				CLANG_ENABLE_MODULES = YES;
				CLANG_ENABLE_OBJC_ARC = YES;
				CLANG_ENABLE_OBJC_WEAK = YES;
				CLANG_WARN_BLOCK_CAPTURE_AUTORELEASING = YES;
				CLANG_WARN_BOOL_CONVERSION = YES;
				CLANG_WARN_COMMA = YES;
				CLANG_WARN_CONSTANT_CONVERSION = YES;
				CLANG_WARN_DEPRECATED_OBJC_IMPLEMENTATIONS = YES;
				CLANG_WARN_DIRECT_OBJC_ISA_USAGE = YES_ERROR;
				CLANG_WARN_DOCUMENTATION_COMMENTS = YES;
				CLANG_WARN_EMPTY_BODY = YES;
				CLANG_WARN_ENUM_CONVERSION = YES;
				CLANG_WARN_INFINITE_RECURSION = YES;
				CLANG_WARN_INT_CONVERSION = YES;
				CLANG_WARN_NON_LITERAL_NULL_CONVERSION = YES;
				CLANG_WARN_OBJC_IMPLICIT_RETAIN_SELF = YES;
				CLANG_WARN_OBJC_LITERAL_CONVERSION = YES;
				CLANG_WARN_OBJC_ROOT_CLASS = YES_ERROR;
				CLANG_WARN_QUOTED_INCLUDE_IN_FRAMEWORK_HEADER = YES;
				CLANG_WARN_RANGE_LOOP_ANALYSIS = YES;
				CLANG_WARN_STRICT_PROTOTYPES = YES;
				CLANG_WARN_SUSPICIOUS_MOVE = YES;
				CLANG_WARN_UNGUARDED_AVAILABILITY = YES_AGGRESSIVE;
				CLANG_WARN_UNREACHABLE_CODE = YES;
				CLANG_WARN__DUPLICATE_METHOD_MATCH = YES;
				COPY_PHASE_STRIP = NO;
				DEBUG_INFORMATION_FORMAT = dwarf;
				ENABLE_STRICT_OBJC_MSGSEND = YES;
				ENABLE_TESTABILITY = YES;
				ENABLE_USER_SCRIPT_SANDBOXING = YES;
				GCC_C_LANGUAGE_STANDARD = gnu17;
				GCC_DYNAMIC_NO_PIC = NO;
				GCC_NO_COMMON_BLOCKS = YES;
				GCC_OPTIMIZATION_LEVEL = 0;
				GCC_PREPROCESSOR_DEFINITIONS = (
					"DEBUG=1",
					"$(inherited)",
				);
				GCC_WARN_64_TO_32_BIT_CONVERSION = YES;
				GCC_WARN_ABOUT_RETURN_TYPE = YES_ERROR;
				GCC_WARN_UNDECLARED_SELECTOR = YES;
				GCC_WARN_UNINITIALIZED_AUTOS = YES_AGGRESSIVE;
				GCC_WARN_UNUSED_FUNCTION = YES;
				GCC_WARN_UNUSED_VARIABLE = YES;
				LOCALIZATION_PREFERS_STRING_CATALOGS = YES;
				MACOSX_DEPLOYMENT_TARGET = 14.4;
				MTL_ENABLE_DEBUG_INFO = INCLUDE_SOURCE;
				MTL_FAST_MATH = YES;
				ONLY_ACTIVE_ARCH = YES;
				SDKROOT = macosx;
				SWIFT_ACTIVE_COMPILATION_CONDITIONS = "DEBUG $(inherited)";
				SWIFT_OPTIMIZATION_LEVEL = "-Onone";
			};
			name = Debug;
		};
		A0D90AA22BD7E99400AEE326 /* Release */ = {
			isa = XCBuildConfiguration;
			buildSettings = {
				ALWAYS_SEARCH_USER_PATHS = NO;
				ASSETCATALOG_COMPILER_GENERATE_SWIFT_ASSET_SYMBOL_EXTENSIONS = YES;
				CLANG_ANALYZER_NONNULL = YES;
				CLANG_ANALYZER_NUMBER_OBJECT_CONVERSION = YES_AGGRESSIVE;
				CLANG_CXX_LANGUAGE_STANDARD = "gnu++20";
				CLANG_ENABLE_MODULES = YES;
				CLANG_ENABLE_OBJC_ARC = YES;
				CLANG_ENABLE_OBJC_WEAK = YES;
				CLANG_WARN_BLOCK_CAPTURE_AUTORELEASING = YES;
				CLANG_WARN_BOOL_CONVERSION = YES;
				CLANG_WARN_COMMA = YES;
				CLANG_WARN_CONSTANT_CONVERSION = YES;
				CLANG_WARN_DEPRECATED_OBJC_IMPLEMENTATIONS = YES;
				CLANG_WARN_DIRECT_OBJC_ISA_USAGE = YES_ERROR;
				CLANG_WARN_DOCUMENTATION_COMMENTS = YES;
				CLANG_WARN_EMPTY_BODY = YES;
				CLANG_WARN_ENUM_CONVERSION = YES;
				CLANG_WARN_INFINITE_RECURSION = YES;
				CLANG_WARN_INT_CONVERSION = YES;
				CLANG_WARN_NON_LITERAL_NULL_CONVERSION = YES;
				CLANG_WARN_OBJC_IMPLICIT_RETAIN_SELF = YES;
				CLANG_WARN_OBJC_LITERAL_CONVERSION = YES;
				CLANG_WARN_OBJC_ROOT_CLASS = YES_ERROR;
				CLANG_WARN_QUOTED_INCLUDE_IN_FRAMEWORK_HEADER = YES;
				CLANG_WARN_RANGE_LOOP_ANALYSIS = YES;
				CLANG_WARN_STRICT_PROTOTYPES = YES;
				CLANG_WARN_SUSPICIOUS_MOVE = YES;
				CLANG_WARN_UNGUARDED_AVAILABILITY = YES_AGGRESSIVE;
				CLANG_WARN_UNREACHABLE_CODE = YES;
				CLANG_WARN__DUPLICATE_METHOD_MATCH = YES;
				COPY_PHASE_STRIP = NO;
				DEBUG_INFORMATION_FORMAT = "dwarf-with-dsym";
				ENABLE_NS_ASSERTIONS = NO;
				ENABLE_STRICT_OBJC_MSGSEND = YES;
				ENABLE_USER_SCRIPT_SANDBOXING = YES;
				GCC_C_LANGUAGE_STANDARD = gnu17;
				GCC_NO_COMMON_BLOCKS = YES;
				GCC_WARN_64_TO_32_BIT_CONVERSION = YES;
				GCC_WARN_ABOUT_RETURN_TYPE = YES_ERROR;
				GCC_WARN_UNDECLARED_SELECTOR = YES;
				GCC_WARN_UNINITIALIZED_AUTOS = YES_AGGRESSIVE;
				GCC_WARN_UNUSED_FUNCTION = YES;
				GCC_WARN_UNUSED_VARIABLE = YES;
				LOCALIZATION_PREFERS_STRING_CATALOGS = YES;
				MACOSX_DEPLOYMENT_TARGET = 14.4;
				MTL_ENABLE_DEBUG_INFO = NO;
				MTL_FAST_MATH = YES;
				SDKROOT = macosx;
				SWIFT_COMPILATION_MODE = wholemodule;
			};
			name = Release;
		};
		A0D90AA42BD7E99400AEE326 /* Debug */ = {
			isa = XCBuildConfiguration;
			buildSettings = {
				ASSETCATALOG_COMPILER_APPICON_NAME = AppIcon;
				ASSETCATALOG_COMPILER_GLOBAL_ACCENT_COLOR_NAME = AccentColor;
				CODE_SIGN_ENTITLEMENTS = Richesse/Richesse.entitlements;
				CODE_SIGN_STYLE = Automatic;
				COMBINE_HIDPI_IMAGES = YES;
				CURRENT_PROJECT_VERSION = 1;
				DEVELOPMENT_ASSET_PATHS = "\"Richesse/Preview Content\"";
				DEVELOPMENT_TEAM = 7KN966P9LP;
				ENABLE_HARDENED_RUNTIME = YES;
				ENABLE_PREVIEWS = YES;
				GENERATE_INFOPLIST_FILE = YES;
				INFOPLIST_KEY_NSHumanReadableCopyright = "";
				LD_RUNPATH_SEARCH_PATHS = (
					"$(inherited)",
					"@executable_path/../Frameworks",
				);
				MARKETING_VERSION = 1.0;
				PRODUCT_BUNDLE_IDENTIFIER = com.verticalcoding.Richesse;
				PRODUCT_NAME = "$(TARGET_NAME)";
				SWIFT_EMIT_LOC_STRINGS = YES;
				SWIFT_VERSION = 5.0;
			};
			name = Debug;
		};
		A0D90AA52BD7E99400AEE326 /* Release */ = {
			isa = XCBuildConfiguration;
			buildSettings = {
				ASSETCATALOG_COMPILER_APPICON_NAME = AppIcon;
				ASSETCATALOG_COMPILER_GLOBAL_ACCENT_COLOR_NAME = AccentColor;
				CODE_SIGN_ENTITLEMENTS = Richesse/Richesse.entitlements;
				CODE_SIGN_STYLE = Automatic;
				COMBINE_HIDPI_IMAGES = YES;
				CURRENT_PROJECT_VERSION = 1;
				DEVELOPMENT_ASSET_PATHS = "\"Richesse/Preview Content\"";
				DEVELOPMENT_TEAM = 7KN966P9LP;
				ENABLE_HARDENED_RUNTIME = YES;
				ENABLE_PREVIEWS = YES;
				GENERATE_INFOPLIST_FILE = YES;
				INFOPLIST_KEY_NSHumanReadableCopyright = "";
				LD_RUNPATH_SEARCH_PATHS = (
					"$(inherited)",
					"@executable_path/../Frameworks",
				);
				MARKETING_VERSION = 1.0;
				PRODUCT_BUNDLE_IDENTIFIER = com.verticalcoding.Richesse;
				PRODUCT_NAME = "$(TARGET_NAME)";
				SWIFT_EMIT_LOC_STRINGS = YES;
				SWIFT_VERSION = 5.0;
			};
			name = Release;
		};
/* End XCBuildConfiguration section */

/* Begin XCConfigurationList section */
		A0D90A8F2BD7E99200AEE326 /* Build configuration list for PBXProject "Richesse" */ = {
			isa = XCConfigurationList;
			buildConfigurations = (
				A0D90AA12BD7E99400AEE326 /* Debug */,
				A0D90AA22BD7E99400AEE326 /* Release */,
			);
			defaultConfigurationIsVisible = 0;
			defaultConfigurationName = Release;
		};
		A0D90AA32BD7E99400AEE326 /* Build configuration list for PBXNativeTarget "Richesse" */ = {
			isa = XCConfigurationList;
			buildConfigurations = (
				A0D90AA42BD7E99400AEE326 /* Debug */,
				A0D90AA52BD7E99400AEE326 /* Release */,
			);
			defaultConfigurationIsVisible = 0;
			defaultConfigurationName = Release;
		};
/* End XCConfigurationList section */

/* Begin XCRemoteSwiftPackageReference section */
		A0D90AA62BD7EA0600AEE326 /* XCRemoteSwiftPackageReference "swift-composable-architecture" */ = {
			isa = XCRemoteSwiftPackageReference;
			repositoryURL = "https://github.com/pointfreeco/swift-composable-architecture";
			requirement = {
				kind = exactVersion;
				version = 1.9.3;
			};
		};
/* End XCRemoteSwiftPackageReference section */

/* Begin XCSwiftPackageProductDependency section */
		A0D90AA72BD7EA0600AEE326 /* ComposableArchitecture */ = {
			isa = XCSwiftPackageProductDependency;
			package = A0D90AA62BD7EA0600AEE326 /* XCRemoteSwiftPackageReference "swift-composable-architecture" */;
			productName = ComposableArchitecture;
		};
/* End XCSwiftPackageProductDependency section */
	};
	rootObject = A0D90A8C2BD7E99200AEE326 /* Project object */;
}
